// !$*UTF8*$!
{
	archiveVersion = 1;
	classes = {
	};
	objectVersion = 56;
	objects = {

/* Begin PBXBuildFile section */
		8D4FB6792AB2948800A727DE /* Extensions.swift in Sources */ = {isa = PBXBuildFile; fileRef = 8D4FB6782AB2948800A727DE /* Extensions.swift */; };
		8D5D51A12AB0B3A800C81F2E /* YourPlannerApp.swift in Sources */ = {isa = PBXBuildFile; fileRef = 8D5D51A02AB0B3A800C81F2E /* YourPlannerApp.swift */; };
		8D5D51A32AB0B3A800C81F2E /* MainView.swift in Sources */ = {isa = PBXBuildFile; fileRef = 8D5D51A22AB0B3A800C81F2E /* MainView.swift */; };
		8D5D51A52AB0B3A900C81F2E /* Assets.xcassets in Resources */ = {isa = PBXBuildFile; fileRef = 8D5D51A42AB0B3A900C81F2E /* Assets.xcassets */; };
		8D5D51A82AB0B3A900C81F2E /* Preview Assets.xcassets in Resources */ = {isa = PBXBuildFile; fileRef = 8D5D51A72AB0B3A900C81F2E /* Preview Assets.xcassets */; };
		8D5D51AF2AB0B79D00C81F2E /* GoogleService-Info.plist in Resources */ = {isa = PBXBuildFile; fileRef = 8D5D51AE2AB0B79D00C81F2E /* GoogleService-Info.plist */; };
		8D5D51B22AB0B9A900C81F2E /* FirebaseAuth in Frameworks */ = {isa = PBXBuildFile; productRef = 8D5D51B12AB0B9A900C81F2E /* FirebaseAuth */; };
		8D5D51B42AB0B9A900C81F2E /* FirebaseFirestore in Frameworks */ = {isa = PBXBuildFile; productRef = 8D5D51B32AB0B9A900C81F2E /* FirebaseFirestore */; };
		8D5D51B62AB0B9A900C81F2E /* FirebaseFirestoreSwift in Frameworks */ = {isa = PBXBuildFile; productRef = 8D5D51B52AB0B9A900C81F2E /* FirebaseFirestoreSwift */; };
		8D7D20282AB125B5000E4563 /* ProfileView.swift in Sources */ = {isa = PBXBuildFile; fileRef = 8D7D20272AB125B5000E4563 /* ProfileView.swift */; };
		8D7D202A2AB125D1000E4563 /* PlanListItemView.swift in Sources */ = {isa = PBXBuildFile; fileRef = 8D7D20292AB125D1000E4563 /* PlanListItemView.swift */; };
		8D7D202C2AB125E9000E4563 /* NewItemView.swift in Sources */ = {isa = PBXBuildFile; fileRef = 8D7D202B2AB125E9000E4563 /* NewItemView.swift */; };
		8D7D202E2AB125FD000E4563 /* LoginView.swift in Sources */ = {isa = PBXBuildFile; fileRef = 8D7D202D2AB125FD000E4563 /* LoginView.swift */; };
		8D7D20302AB12608000E4563 /* RegisterView.swift in Sources */ = {isa = PBXBuildFile; fileRef = 8D7D202F2AB12608000E4563 /* RegisterView.swift */; };
		8D7D20322AB1264D000E4563 /* PlanListView.swift in Sources */ = {isa = PBXBuildFile; fileRef = 8D7D20312AB1264D000E4563 /* PlanListView.swift */; };
		8D7D20342AB12677000E4563 /* User.swift in Sources */ = {isa = PBXBuildFile; fileRef = 8D7D20332AB12677000E4563 /* User.swift */; };
		8D7D20362AB12688000E4563 /* PlanListItem.swift in Sources */ = {isa = PBXBuildFile; fileRef = 8D7D20352AB12688000E4563 /* PlanListItem.swift */; };
		8D7D20382AB126BC000E4563 /* MainViewViewModel.swift in Sources */ = {isa = PBXBuildFile; fileRef = 8D7D20372AB126BC000E4563 /* MainViewViewModel.swift */; };
		8D7D203A2AB126D0000E4563 /* ProfileViewViewModel.swift in Sources */ = {isa = PBXBuildFile; fileRef = 8D7D20392AB126D0000E4563 /* ProfileViewViewModel.swift */; };
		8D7D203C2AB126EB000E4563 /* PlanListViewViewModel.swift in Sources */ = {isa = PBXBuildFile; fileRef = 8D7D203B2AB126EB000E4563 /* PlanListViewViewModel.swift */; };
		8D7D203E2AB12707000E4563 /* NewItemViewViewModel.swift in Sources */ = {isa = PBXBuildFile; fileRef = 8D7D203D2AB12707000E4563 /* NewItemViewViewModel.swift */; };
		8D7D20402AB12713000E4563 /* LoginViewViewModel.swift in Sources */ = {isa = PBXBuildFile; fileRef = 8D7D203F2AB12713000E4563 /* LoginViewViewModel.swift */; };
		8D7D20422AB1271E000E4563 /* RegisterViewViewModel.swift in Sources */ = {isa = PBXBuildFile; fileRef = 8D7D20412AB1271E000E4563 /* RegisterViewViewModel.swift */; };
		8D7D20442AB12732000E4563 /* PlanListItemViewViewModel.swift in Sources */ = {isa = PBXBuildFile; fileRef = 8D7D20432AB12732000E4563 /* PlanListItemViewViewModel.swift */; };
		8D7D20462AB12AD6000E4563 /* HeaderView.swift in Sources */ = {isa = PBXBuildFile; fileRef = 8D7D20452AB12AD6000E4563 /* HeaderView.swift */; };
		8D7D20482AB15DF0000E4563 /* YPButton.swift in Sources */ = {isa = PBXBuildFile; fileRef = 8D7D20472AB15DF0000E4563 /* YPButton.swift */; };
/* End PBXBuildFile section */

/* Begin PBXFileReference section */
		8D4FB6782AB2948800A727DE /* Extensions.swift */ = {isa = PBXFileReference; lastKnownFileType = sourcecode.swift; path = Extensions.swift; sourceTree = "<group>"; };
		8D5D519D2AB0B3A800C81F2E /* YourPlanner.app */ = {isa = PBXFileReference; explicitFileType = wrapper.application; includeInIndex = 0; path = YourPlanner.app; sourceTree = BUILT_PRODUCTS_DIR; };
		8D5D51A02AB0B3A800C81F2E /* YourPlannerApp.swift */ = {isa = PBXFileReference; lastKnownFileType = sourcecode.swift; path = YourPlannerApp.swift; sourceTree = "<group>"; };
		8D5D51A22AB0B3A800C81F2E /* MainView.swift */ = {isa = PBXFileReference; lastKnownFileType = sourcecode.swift; path = MainView.swift; sourceTree = "<group>"; };
		8D5D51A42AB0B3A900C81F2E /* Assets.xcassets */ = {isa = PBXFileReference; lastKnownFileType = folder.assetcatalog; path = Assets.xcassets; sourceTree = "<group>"; };
		8D5D51A72AB0B3A900C81F2E /* Preview Assets.xcassets */ = {isa = PBXFileReference; lastKnownFileType = folder.assetcatalog; path = "Preview Assets.xcassets"; sourceTree = "<group>"; };
		8D5D51AE2AB0B79D00C81F2E /* GoogleService-Info.plist */ = {isa = PBXFileReference; fileEncoding = 4; lastKnownFileType = text.plist.xml; path = "GoogleService-Info.plist"; sourceTree = "<group>"; };
		8D7D20272AB125B5000E4563 /* ProfileView.swift */ = {isa = PBXFileReference; lastKnownFileType = sourcecode.swift; path = ProfileView.swift; sourceTree = "<group>"; };
		8D7D20292AB125D1000E4563 /* PlanListItemView.swift */ = {isa = PBXFileReference; lastKnownFileType = sourcecode.swift; path = PlanListItemView.swift; sourceTree = "<group>"; };
		8D7D202B2AB125E9000E4563 /* NewItemView.swift */ = {isa = PBXFileReference; lastKnownFileType = sourcecode.swift; path = NewItemView.swift; sourceTree = "<group>"; };
		8D7D202D2AB125FD000E4563 /* LoginView.swift */ = {isa = PBXFileReference; lastKnownFileType = sourcecode.swift; path = LoginView.swift; sourceTree = "<group>"; };
		8D7D202F2AB12608000E4563 /* RegisterView.swift */ = {isa = PBXFileReference; lastKnownFileType = sourcecode.swift; path = RegisterView.swift; sourceTree = "<group>"; };
		8D7D20312AB1264D000E4563 /* PlanListView.swift */ = {isa = PBXFileReference; lastKnownFileType = sourcecode.swift; path = PlanListView.swift; sourceTree = "<group>"; };
		8D7D20332AB12677000E4563 /* User.swift */ = {isa = PBXFileReference; lastKnownFileType = sourcecode.swift; path = User.swift; sourceTree = "<group>"; };
		8D7D20352AB12688000E4563 /* PlanListItem.swift */ = {isa = PBXFileReference; lastKnownFileType = sourcecode.swift; path = PlanListItem.swift; sourceTree = "<group>"; };
		8D7D20372AB126BC000E4563 /* MainViewViewModel.swift */ = {isa = PBXFileReference; lastKnownFileType = sourcecode.swift; path = MainViewViewModel.swift; sourceTree = "<group>"; };
		8D7D20392AB126D0000E4563 /* ProfileViewViewModel.swift */ = {isa = PBXFileReference; lastKnownFileType = sourcecode.swift; path = ProfileViewViewModel.swift; sourceTree = "<group>"; };
		8D7D203B2AB126EB000E4563 /* PlanListViewViewModel.swift */ = {isa = PBXFileReference; lastKnownFileType = sourcecode.swift; path = PlanListViewViewModel.swift; sourceTree = "<group>"; };
		8D7D203D2AB12707000E4563 /* NewItemViewViewModel.swift */ = {isa = PBXFileReference; lastKnownFileType = sourcecode.swift; path = NewItemViewViewModel.swift; sourceTree = "<group>"; };
		8D7D203F2AB12713000E4563 /* LoginViewViewModel.swift */ = {isa = PBXFileReference; lastKnownFileType = sourcecode.swift; path = LoginViewViewModel.swift; sourceTree = "<group>"; };
		8D7D20412AB1271E000E4563 /* RegisterViewViewModel.swift */ = {isa = PBXFileReference; lastKnownFileType = sourcecode.swift; path = RegisterViewViewModel.swift; sourceTree = "<group>"; };
		8D7D20432AB12732000E4563 /* PlanListItemViewViewModel.swift */ = {isa = PBXFileReference; lastKnownFileType = sourcecode.swift; path = PlanListItemViewViewModel.swift; sourceTree = "<group>"; };
		8D7D20452AB12AD6000E4563 /* HeaderView.swift */ = {isa = PBXFileReference; lastKnownFileType = sourcecode.swift; path = HeaderView.swift; sourceTree = "<group>"; };
		8D7D20472AB15DF0000E4563 /* YPButton.swift */ = {isa = PBXFileReference; lastKnownFileType = sourcecode.swift; path = YPButton.swift; sourceTree = "<group>"; };
/* End PBXFileReference section */

/* Begin PBXFrameworksBuildPhase section */
		8D5D519A2AB0B3A800C81F2E /* Frameworks */ = {
			isa = PBXFrameworksBuildPhase;
			buildActionMask = 2147483647;
			files = (
				8D5D51B22AB0B9A900C81F2E /* FirebaseAuth in Frameworks */,
				8D5D51B42AB0B9A900C81F2E /* FirebaseFirestore in Frameworks */,
				8D5D51B62AB0B9A900C81F2E /* FirebaseFirestoreSwift in Frameworks */,
			);
			runOnlyForDeploymentPostprocessing = 0;
		};
/* End PBXFrameworksBuildPhase section */

/* Begin PBXGroup section */
		8D5D51942AB0B3A800C81F2E = {
			isa = PBXGroup;
			children = (
				8D5D519F2AB0B3A800C81F2E /* YourPlanner */,
				8D5D519E2AB0B3A800C81F2E /* Products */,
			);
			sourceTree = "<group>";
		};
		8D5D519E2AB0B3A800C81F2E /* Products */ = {
			isa = PBXGroup;
			children = (
				8D5D519D2AB0B3A800C81F2E /* YourPlanner.app */,
			);
			name = Products;
			sourceTree = "<group>";
		};
		8D5D519F2AB0B3A800C81F2E /* YourPlanner */ = {
			isa = PBXGroup;
			children = (
				8D71A3EA2AB123AE00E54DFB /* Other */,
				8D71A3E92AB1239400E54DFB /* Models */,
				8D71A3E82AB1238700E54DFB /* ViewModels */,
				8D71A3E72AB1237B00E54DFB /* Views */,
				8D5D51A62AB0B3A900C81F2E /* Preview Content */,
			);
			path = YourPlanner;
			sourceTree = "<group>";
		};
		8D5D51A62AB0B3A900C81F2E /* Preview Content */ = {
			isa = PBXGroup;
			children = (
				8D5D51A72AB0B3A900C81F2E /* Preview Assets.xcassets */,
			);
			path = "Preview Content";
			sourceTree = "<group>";
		};
		8D71A3E72AB1237B00E54DFB /* Views */ = {
			isa = PBXGroup;
			children = (
				8D5D51A22AB0B3A800C81F2E /* MainView.swift */,
				8D7D20272AB125B5000E4563 /* ProfileView.swift */,
				8D7D20292AB125D1000E4563 /* PlanListItemView.swift */,
				8D7D202B2AB125E9000E4563 /* NewItemView.swift */,
				8D7D202D2AB125FD000E4563 /* LoginView.swift */,
				8D7D202F2AB12608000E4563 /* RegisterView.swift */,
				8D7D20312AB1264D000E4563 /* PlanListView.swift */,
				8D7D20452AB12AD6000E4563 /* HeaderView.swift */,
				8D7D20472AB15DF0000E4563 /* YPButton.swift */,
			);
			path = Views;
			sourceTree = "<group>";
		};
		8D71A3E82AB1238700E54DFB /* ViewModels */ = {
			isa = PBXGroup;
			children = (
				8D7D20372AB126BC000E4563 /* MainViewViewModel.swift */,
				8D7D20392AB126D0000E4563 /* ProfileViewViewModel.swift */,
				8D7D203B2AB126EB000E4563 /* PlanListViewViewModel.swift */,
				8D7D203D2AB12707000E4563 /* NewItemViewViewModel.swift */,
				8D7D203F2AB12713000E4563 /* LoginViewViewModel.swift */,
				8D7D20412AB1271E000E4563 /* RegisterViewViewModel.swift */,
				8D7D20432AB12732000E4563 /* PlanListItemViewViewModel.swift */,
			);
			path = ViewModels;
			sourceTree = "<group>";
		};
		8D71A3E92AB1239400E54DFB /* Models */ = {
			isa = PBXGroup;
			children = (
				8D7D20332AB12677000E4563 /* User.swift */,
				8D7D20352AB12688000E4563 /* PlanListItem.swift */,
			);
			path = Models;
			sourceTree = "<group>";
		};
		8D71A3EA2AB123AE00E54DFB /* Other */ = {
			isa = PBXGroup;
			children = (
				8D5D51A42AB0B3A900C81F2E /* Assets.xcassets */,
				8D5D51A02AB0B3A800C81F2E /* YourPlannerApp.swift */,
				8D5D51AE2AB0B79D00C81F2E /* GoogleService-Info.plist */,
				8D4FB6782AB2948800A727DE /* Extensions.swift */,
			);
			path = Other;
			sourceTree = "<group>";
		};
/* End PBXGroup section */

/* Begin PBXNativeTarget section */
		8D5D519C2AB0B3A800C81F2E /* YourPlanner */ = {
			isa = PBXNativeTarget;
			buildConfigurationList = 8D5D51AB2AB0B3A900C81F2E /* Build configuration list for PBXNativeTarget "YourPlanner" */;
			buildPhases = (
				8D5D51992AB0B3A800C81F2E /* Sources */,
				8D5D519A2AB0B3A800C81F2E /* Frameworks */,
				8D5D519B2AB0B3A800C81F2E /* Resources */,
			);
			buildRules = (
			);
			dependencies = (
			);
			name = YourPlanner;
			packageProductDependencies = (
				8D5D51B12AB0B9A900C81F2E /* FirebaseAuth */,
				8D5D51B32AB0B9A900C81F2E /* FirebaseFirestore */,
				8D5D51B52AB0B9A900C81F2E /* FirebaseFirestoreSwift */,
			);
			productName = YourPlanner;
			productReference = 8D5D519D2AB0B3A800C81F2E /* YourPlanner.app */;
			productType = "com.apple.product-type.application";
		};
/* End PBXNativeTarget section */

/* Begin PBXProject section */
		8D5D51952AB0B3A800C81F2E /* Project object */ = {
			isa = PBXProject;
			attributes = {
				BuildIndependentTargetsInParallel = 1;
				LastSwiftUpdateCheck = 1420;
				LastUpgradeCheck = 1420;
				TargetAttributes = {
					8D5D519C2AB0B3A800C81F2E = {
						CreatedOnToolsVersion = 14.2;
					};
				};
			};
			buildConfigurationList = 8D5D51982AB0B3A800C81F2E /* Build configuration list for PBXProject "YourPlanner" */;
			compatibilityVersion = "Xcode 14.0";
			developmentRegion = en;
			hasScannedForEncodings = 0;
			knownRegions = (
				en,
				Base,
			);
			mainGroup = 8D5D51942AB0B3A800C81F2E;
			packageReferences = (
				8D5D51B02AB0B9A900C81F2E /* XCRemoteSwiftPackageReference "firebase-ios-sdk" */,
			);
			productRefGroup = 8D5D519E2AB0B3A800C81F2E /* Products */;
			projectDirPath = "";
			projectRoot = "";
			targets = (
				8D5D519C2AB0B3A800C81F2E /* YourPlanner */,
			);
		};
/* End PBXProject section */

/* Begin PBXResourcesBuildPhase section */
		8D5D519B2AB0B3A800C81F2E /* Resources */ = {
			isa = PBXResourcesBuildPhase;
			buildActionMask = 2147483647;
			files = (
				8D5D51A82AB0B3A900C81F2E /* Preview Assets.xcassets in Resources */,
				8D5D51A52AB0B3A900C81F2E /* Assets.xcassets in Resources */,
				8D5D51AF2AB0B79D00C81F2E /* GoogleService-Info.plist in Resources */,
			);
			runOnlyForDeploymentPostprocessing = 0;
		};
/* End PBXResourcesBuildPhase section */

/* Begin PBXSourcesBuildPhase section */
		8D5D51992AB0B3A800C81F2E /* Sources */ = {
			isa = PBXSourcesBuildPhase;
			buildActionMask = 2147483647;
			files = (
				8D7D202E2AB125FD000E4563 /* LoginView.swift in Sources */,
				8D7D20462AB12AD6000E4563 /* HeaderView.swift in Sources */,
				8D5D51A32AB0B3A800C81F2E /* MainView.swift in Sources */,
				8D7D20422AB1271E000E4563 /* RegisterViewViewModel.swift in Sources */,
				8D7D20382AB126BC000E4563 /* MainViewViewModel.swift in Sources */,
				8D7D20282AB125B5000E4563 /* ProfileView.swift in Sources */,
				8D7D20302AB12608000E4563 /* RegisterView.swift in Sources */,
				8D7D203A2AB126D0000E4563 /* ProfileViewViewModel.swift in Sources */,
				8D7D203C2AB126EB000E4563 /* PlanListViewViewModel.swift in Sources */,
				8D7D202A2AB125D1000E4563 /* PlanListItemView.swift in Sources */,
				8D7D20342AB12677000E4563 /* User.swift in Sources */,
				8D5D51A12AB0B3A800C81F2E /* YourPlannerApp.swift in Sources */,
				8D7D20402AB12713000E4563 /* LoginViewViewModel.swift in Sources */,
				8D7D20362AB12688000E4563 /* PlanListItem.swift in Sources */,
				8D7D202C2AB125E9000E4563 /* NewItemView.swift in Sources */,
				8D4FB6792AB2948800A727DE /* Extensions.swift in Sources */,
				8D7D20322AB1264D000E4563 /* PlanListView.swift in Sources */,
				8D7D203E2AB12707000E4563 /* NewItemViewViewModel.swift in Sources */,
				8D7D20442AB12732000E4563 /* PlanListItemViewViewModel.swift in Sources */,
				8D7D20482AB15DF0000E4563 /* YPButton.swift in Sources */,
			);
			runOnlyForDeploymentPostprocessing = 0;
		};
/* End PBXSourcesBuildPhase section */

/* Begin XCBuildConfiguration section */
		8D5D51A92AB0B3A900C81F2E /* Debug */ = {
			isa = XCBuildConfiguration;
			buildSettings = {
				ALWAYS_SEARCH_USER_PATHS = NO;
				CLANG_ANALYZER_NONNULL = YES;
				CLANG_ANALYZER_NUMBER_OBJECT_CONVERSION = YES_AGGRESSIVE;
				CLANG_CXX_LANGUAGE_STANDARD = "gnu++20";
				CLANG_ENABLE_MODULES = YES;
				CLANG_ENABLE_OBJC_ARC = YES;
				CLANG_ENABLE_OBJC_WEAK = YES;
				CLANG_WARN_BLOCK_CAPTURE_AUTORELEASING = YES;
				CLANG_WARN_BOOL_CONVERSION = YES;
				CLANG_WARN_COMMA = YES;
				CLANG_WARN_CONSTANT_CONVERSION = YES;
				CLANG_WARN_DEPRECATED_OBJC_IMPLEMENTATIONS = YES;
				CLANG_WARN_DIRECT_OBJC_ISA_USAGE = YES_ERROR;
				CLANG_WARN_DOCUMENTATION_COMMENTS = YES;
				CLANG_WARN_EMPTY_BODY = YES;
				CLANG_WARN_ENUM_CONVERSION = YES;
				CLANG_WARN_INFINITE_RECURSION = YES;
				CLANG_WARN_INT_CONVERSION = YES;
				CLANG_WARN_NON_LITERAL_NULL_CONVERSION = YES;
				CLANG_WARN_OBJC_IMPLICIT_RETAIN_SELF = YES;
				CLANG_WARN_OBJC_LITERAL_CONVERSION = YES;
				CLANG_WARN_OBJC_ROOT_CLASS = YES_ERROR;
				CLANG_WARN_QUOTED_INCLUDE_IN_FRAMEWORK_HEADER = YES;
				CLANG_WARN_RANGE_LOOP_ANALYSIS = YES;
				CLANG_WARN_STRICT_PROTOTYPES = YES;
				CLANG_WARN_SUSPICIOUS_MOVE = YES;
				CLANG_WARN_UNGUARDED_AVAILABILITY = YES_AGGRESSIVE;
				CLANG_WARN_UNREACHABLE_CODE = YES;
				CLANG_WARN__DUPLICATE_METHOD_MATCH = YES;
				COPY_PHASE_STRIP = NO;
				DEBUG_INFORMATION_FORMAT = dwarf;
				ENABLE_STRICT_OBJC_MSGSEND = YES;
				ENABLE_TESTABILITY = YES;
				GCC_C_LANGUAGE_STANDARD = gnu11;
				GCC_DYNAMIC_NO_PIC = NO;
				GCC_NO_COMMON_BLOCKS = YES;
				GCC_OPTIMIZATION_LEVEL = 0;
				GCC_PREPROCESSOR_DEFINITIONS = (
					"DEBUG=1",
					"$(inherited)",
				);
				GCC_WARN_64_TO_32_BIT_CONVERSION = YES;
				GCC_WARN_ABOUT_RETURN_TYPE = YES_ERROR;
				GCC_WARN_UNDECLARED_SELECTOR = YES;
				GCC_WARN_UNINITIALIZED_AUTOS = YES_AGGRESSIVE;
				GCC_WARN_UNUSED_FUNCTION = YES;
				GCC_WARN_UNUSED_VARIABLE = YES;
				IPHONEOS_DEPLOYMENT_TARGET = 16.2;
				MTL_ENABLE_DEBUG_INFO = INCLUDE_SOURCE;
				MTL_FAST_MATH = YES;
				ONLY_ACTIVE_ARCH = YES;
				SDKROOT = iphoneos;
				SWIFT_ACTIVE_COMPILATION_CONDITIONS = DEBUG;
				SWIFT_OPTIMIZATION_LEVEL = "-Onone";
			};
			name = Debug;
		};
		8D5D51AA2AB0B3A900C81F2E /* Release */ = {
			isa = XCBuildConfiguration;
			buildSettings = {
				ALWAYS_SEARCH_USER_PATHS = NO;
				CLANG_ANALYZER_NONNULL = YES;
				CLANG_ANALYZER_NUMBER_OBJECT_CONVERSION = YES_AGGRESSIVE;
				CLANG_CXX_LANGUAGE_STANDARD = "gnu++20";
				CLANG_ENABLE_MODULES = YES;
				CLANG_ENABLE_OBJC_ARC = YES;
				CLANG_ENABLE_OBJC_WEAK = YES;
				CLANG_WARN_BLOCK_CAPTURE_AUTORELEASING = YES;
				CLANG_WARN_BOOL_CONVERSION = YES;
				CLANG_WARN_COMMA = YES;
				CLANG_WARN_CONSTANT_CONVERSION = YES;
				CLANG_WARN_DEPRECATED_OBJC_IMPLEMENTATIONS = YES;
				CLANG_WARN_DIRECT_OBJC_ISA_USAGE = YES_ERROR;
				CLANG_WARN_DOCUMENTATION_COMMENTS = YES;
				CLANG_WARN_EMPTY_BODY = YES;
				CLANG_WARN_ENUM_CONVERSION = YES;
				CLANG_WARN_INFINITE_RECURSION = YES;
				CLANG_WARN_INT_CONVERSION = YES;
				CLANG_WARN_NON_LITERAL_NULL_CONVERSION = YES;
				CLANG_WARN_OBJC_IMPLICIT_RETAIN_SELF = YES;
				CLANG_WARN_OBJC_LITERAL_CONVERSION = YES;
				CLANG_WARN_OBJC_ROOT_CLASS = YES_ERROR;
				CLANG_WARN_QUOTED_INCLUDE_IN_FRAMEWORK_HEADER = YES;
				CLANG_WARN_RANGE_LOOP_ANALYSIS = YES;
				CLANG_WARN_STRICT_PROTOTYPES = YES;
				CLANG_WARN_SUSPICIOUS_MOVE = YES;
				CLANG_WARN_UNGUARDED_AVAILABILITY = YES_AGGRESSIVE;
				CLANG_WARN_UNREACHABLE_CODE = YES;
				CLANG_WARN__DUPLICATE_METHOD_MATCH = YES;
				COPY_PHASE_STRIP = NO;
				DEBUG_INFORMATION_FORMAT = "dwarf-with-dsym";
				ENABLE_NS_ASSERTIONS = NO;
				ENABLE_STRICT_OBJC_MSGSEND = YES;
				GCC_C_LANGUAGE_STANDARD = gnu11;
				GCC_NO_COMMON_BLOCKS = YES;
				GCC_WARN_64_TO_32_BIT_CONVERSION = YES;
				GCC_WARN_ABOUT_RETURN_TYPE = YES_ERROR;
				GCC_WARN_UNDECLARED_SELECTOR = YES;
				GCC_WARN_UNINITIALIZED_AUTOS = YES_AGGRESSIVE;
				GCC_WARN_UNUSED_FUNCTION = YES;
				GCC_WARN_UNUSED_VARIABLE = YES;
				IPHONEOS_DEPLOYMENT_TARGET = 16.2;
				MTL_ENABLE_DEBUG_INFO = NO;
				MTL_FAST_MATH = YES;
				SDKROOT = iphoneos;
				SWIFT_COMPILATION_MODE = wholemodule;
				SWIFT_OPTIMIZATION_LEVEL = "-O";
				VALIDATE_PRODUCT = YES;
			};
			name = Release;
		};
		8D5D51AC2AB0B3A900C81F2E /* Debug */ = {
			isa = XCBuildConfiguration;
			buildSettings = {
				ASSETCATALOG_COMPILER_APPICON_NAME = AppIcon;
				ASSETCATALOG_COMPILER_GLOBAL_ACCENT_COLOR_NAME = AccentColor;
				CODE_SIGN_STYLE = Automatic;
				CURRENT_PROJECT_VERSION = 1;
				DEVELOPMENT_ASSET_PATHS = "\"YourPlanner/Preview Content\"";
				DEVELOPMENT_TEAM = UX6WQM886X;
				ENABLE_PREVIEWS = YES;
				GENERATE_INFOPLIST_FILE = YES;
				INFOPLIST_KEY_CFBundleDisplayName = "Your Planner";
				INFOPLIST_KEY_UIApplicationSceneManifest_Generation = YES;
				INFOPLIST_KEY_UIApplicationSupportsIndirectInputEvents = YES;
				INFOPLIST_KEY_UILaunchScreen_Generation = YES;
				INFOPLIST_KEY_UISupportedInterfaceOrientations = UIInterfaceOrientationPortrait;
				LD_RUNPATH_SEARCH_PATHS = (
					"$(inherited)",
					"@executable_path/Frameworks",
				);
				MARKETING_VERSION = 1.0;
				PRODUCT_BUNDLE_IDENTIFIER = com.raeyoungkim.YourPlanner;
				PRODUCT_NAME = "$(TARGET_NAME)";
				SWIFT_EMIT_LOC_STRINGS = YES;
				SWIFT_VERSION = 5.0;
				TARGETED_DEVICE_FAMILY = "1,2";
			};
			name = Debug;
		};
		8D5D51AD2AB0B3A900C81F2E /* Release */ = {
			isa = XCBuildConfiguration;
			buildSettings = {
				ASSETCATALOG_COMPILER_APPICON_NAME = AppIcon;
				ASSETCATALOG_COMPILER_GLOBAL_ACCENT_COLOR_NAME = AccentColor;
				CODE_SIGN_STYLE = Automatic;
				CURRENT_PROJECT_VERSION = 1;
				DEVELOPMENT_ASSET_PATHS = "\"YourPlanner/Preview Content\"";
				DEVELOPMENT_TEAM = UX6WQM886X;
				ENABLE_PREVIEWS = YES;
				GENERATE_INFOPLIST_FILE = YES;
				INFOPLIST_KEY_CFBundleDisplayName = "Your Planner";
				INFOPLIST_KEY_UIApplicationSceneManifest_Generation = YES;
				INFOPLIST_KEY_UIApplicationSupportsIndirectInputEvents = YES;
				INFOPLIST_KEY_UILaunchScreen_Generation = YES;
				INFOPLIST_KEY_UISupportedInterfaceOrientations = UIInterfaceOrientationPortrait;
				LD_RUNPATH_SEARCH_PATHS = (
					"$(inherited)",
					"@executable_path/Frameworks",
				);
				MARKETING_VERSION = 1.0;
				PRODUCT_BUNDLE_IDENTIFIER = com.raeyoungkim.YourPlanner;
				PRODUCT_NAME = "$(TARGET_NAME)";
				SWIFT_EMIT_LOC_STRINGS = YES;
				SWIFT_VERSION = 5.0;
				TARGETED_DEVICE_FAMILY = "1,2";
			};
			name = Release;
		};
/* End XCBuildConfiguration section */

/* Begin XCConfigurationList section */
		8D5D51982AB0B3A800C81F2E /* Build configuration list for PBXProject "YourPlanner" */ = {
			isa = XCConfigurationList;
			buildConfigurations = (
				8D5D51A92AB0B3A900C81F2E /* Debug */,
				8D5D51AA2AB0B3A900C81F2E /* Release */,
			);
			defaultConfigurationIsVisible = 0;
			defaultConfigurationName = Release;
		};
		8D5D51AB2AB0B3A900C81F2E /* Build configuration list for PBXNativeTarget "YourPlanner" */ = {
			isa = XCConfigurationList;
			buildConfigurations = (
				8D5D51AC2AB0B3A900C81F2E /* Debug */,
				8D5D51AD2AB0B3A900C81F2E /* Release */,
			);
			defaultConfigurationIsVisible = 0;
			defaultConfigurationName = Release;
		};
/* End XCConfigurationList section */

/* Begin XCRemoteSwiftPackageReference section */
		8D5D51B02AB0B9A900C81F2E /* XCRemoteSwiftPackageReference "firebase-ios-sdk" */ = {
			isa = XCRemoteSwiftPackageReference;
			repositoryURL = "https://github.com/firebase/firebase-ios-sdk";
			requirement = {
				kind = upToNextMajorVersion;
				minimumVersion = 9.0.0;
			};
		};
/* End XCRemoteSwiftPackageReference section */

/* Begin XCSwiftPackageProductDependency section */
		8D5D51B12AB0B9A900C81F2E /* FirebaseAuth */ = {
			isa = XCSwiftPackageProductDependency;
			package = 8D5D51B02AB0B9A900C81F2E /* XCRemoteSwiftPackageReference "firebase-ios-sdk" */;
			productName = FirebaseAuth;
		};
		8D5D51B32AB0B9A900C81F2E /* FirebaseFirestore */ = {
			isa = XCSwiftPackageProductDependency;
			package = 8D5D51B02AB0B9A900C81F2E /* XCRemoteSwiftPackageReference "firebase-ios-sdk" */;
			productName = FirebaseFirestore;
		};
		8D5D51B52AB0B9A900C81F2E /* FirebaseFirestoreSwift */ = {
			isa = XCSwiftPackageProductDependency;
			package = 8D5D51B02AB0B9A900C81F2E /* XCRemoteSwiftPackageReference "firebase-ios-sdk" */;
			productName = FirebaseFirestoreSwift;
		};
/* End XCSwiftPackageProductDependency section */
	};
	rootObject = 8D5D51952AB0B3A800C81F2E /* Project object */;
}
